
Microsoft Visual Studio Solution File, Format Version 12.00
# Visual Studio Version 16
VisualStudioVersion = 16.0.32228.343
MinimumVisualStudioVersion = 10.0.40219.1
Project("{9A19103F-16F7-4668-BE54-9A1E7A4F7556}") = "CSharpDataStructures", "CSharpDataStructures.csproj", "{40596586-1E27-4687-AEDB-459B58CEA625}"
EndProject
Global
	GlobalSection(SolutionConfigurationPlatforms) = preSolution
		Debug|Any CPU = Debug|Any CPU
		Release|Any CPU = Release|Any CPU
	EndGlobalSection
	GlobalSection(ProjectConfigurationPlatforms) = postSolution
		{40596586-1E27-4687-AEDB-459B58CEA625}.Debug|Any CPU.ActiveCfg = Debug|Any CPU
		{40596586-1E27-4687-AEDB-459B58CEA625}.Debug|Any CPU.Build.0 = Debug|Any CPU
		{40596586-1E27-4687-AEDB-459B58CEA625}.Release|Any CPU.ActiveCfg = Release|Any CPU
		{40596586-1E27-4687-AEDB-459B58CEA625}.Release|Any CPU.Build.0 = Release|Any CPU
	EndGlobalSection
	GlobalSection(SolutionProperties) = preSolution
		HideSolutionNode = FALSE
	EndGlobalSection
	GlobalSection(ExtensibilityGlobals) = postSolution
		SolutionGuid = {8098A678-6F3E-4ACC-B7BB-B75A2389F5FA}
	EndGlobalSection
EndGlobal
